{
  "name": "dynamic_labels",
  "version": "1.0.0",
  "lockfileVersion": 1,
  "requires": true,
  "dependencies": {
    "jsts": {
      "version": "1.6.0",
      "resolved": "https://registry.npmjs.org/jsts/-/jsts-1.6.0.tgz",
      "integrity": "sha512-TRrJ+smXpk1QolSOnImI9YGPEX5tS34ZEW7Kz6sk0Z3f7Eto4/hcd62EY6tv2cIgtzcx14+lSesPpAUoSr5IQw=="
    }
  }
}
